// !$*UTF8*$!
{
	archiveVersion = 1;
	classes = {
	};
	objectVersion = 55;
	objects = {

/* Begin PBXBuildFile section */
		AFDE22102911389600939C9C /* AppDelegate.swift in Sources */ = {isa = PBXBuildFile; fileRef = AFDE220F2911389600939C9C /* AppDelegate.swift */; };
		AFDE22122911389600939C9C /* SceneDelegate.swift in Sources */ = {isa = PBXBuildFile; fileRef = AFDE22112911389600939C9C /* SceneDelegate.swift */; };
		AFDE22142911389600939C9C /* ViewController.swift in Sources */ = {isa = PBXBuildFile; fileRef = AFDE22132911389600939C9C /* ViewController.swift */; };
		AFDE22172911389600939C9C /* Main.storyboard in Resources */ = {isa = PBXBuildFile; fileRef = AFDE22152911389600939C9C /* Main.storyboard */; };
		AFDE22192911389700939C9C /* Assets.xcassets in Resources */ = {isa = PBXBuildFile; fileRef = AFDE22182911389700939C9C /* Assets.xcassets */; };
		AFDE221C2911389700939C9C /* LaunchScreen.storyboard in Resources */ = {isa = PBXBuildFile; fileRef = AFDE221A2911389700939C9C /* LaunchScreen.storyboard */; };
		AFDE222829113D8500939C9C /* WindowView.swift in Sources */ = {isa = PBXBuildFile; fileRef = AFDE222729113D8500939C9C /* WindowView.swift */; };
		AFDE222A29113D9E00939C9C /* WindowView.xib in Resources */ = {isa = PBXBuildFile; fileRef = AFDE222929113D9E00939C9C /* WindowView.xib */; };
		AFDE222D291155EC00939C9C /* SlideWindow.swift in Sources */ = {isa = PBXBuildFile; fileRef = AFDE222C291155EC00939C9C /* SlideWindow.swift */; };
/* End PBXBuildFile section */

/* Begin PBXFileReference section */
		AFDE220C2911389600939C9C /* UIPageControllerTest.app */ = {isa = PBXFileReference; explicitFileType = wrapper.application; includeInIndex = 0; path = UIPageControllerTest.app; sourceTree = BUILT_PRODUCTS_DIR; };
		AFDE220F2911389600939C9C /* AppDelegate.swift */ = {isa = PBXFileReference; lastKnownFileType = sourcecode.swift; path = AppDelegate.swift; sourceTree = "<group>"; };
		AFDE22112911389600939C9C /* SceneDelegate.swift */ = {isa = PBXFileReference; lastKnownFileType = sourcecode.swift; path = SceneDelegate.swift; sourceTree = "<group>"; };
		AFDE22132911389600939C9C /* ViewController.swift */ = {isa = PBXFileReference; lastKnownFileType = sourcecode.swift; path = ViewController.swift; sourceTree = "<group>"; };
		AFDE22162911389600939C9C /* Base */ = {isa = PBXFileReference; lastKnownFileType = file.storyboard; name = Base; path = Base.lproj/Main.storyboard; sourceTree = "<group>"; };
		AFDE22182911389700939C9C /* Assets.xcassets */ = {isa = PBXFileReference; lastKnownFileType = folder.assetcatalog; path = Assets.xcassets; sourceTree = "<group>"; };
		AFDE221B2911389700939C9C /* Base */ = {isa = PBXFileReference; lastKnownFileType = file.storyboard; name = Base; path = Base.lproj/LaunchScreen.storyboard; sourceTree = "<group>"; };
		AFDE221D2911389700939C9C /* Info.plist */ = {isa = PBXFileReference; lastKnownFileType = text.plist.xml; path = Info.plist; sourceTree = "<group>"; };
		AFDE222729113D8500939C9C /* WindowView.swift */ = {isa = PBXFileReference; lastKnownFileType = sourcecode.swift; path = WindowView.swift; sourceTree = "<group>"; };
		AFDE222929113D9E00939C9C /* WindowView.xib */ = {isa = PBXFileReference; lastKnownFileType = file.xib; path = WindowView.xib; sourceTree = "<group>"; };
		AFDE222C291155EC00939C9C /* SlideWindow.swift */ = {isa = PBXFileReference; lastKnownFileType = sourcecode.swift; path = SlideWindow.swift; sourceTree = "<group>"; };
/* End PBXFileReference section */

/* Begin PBXFrameworksBuildPhase section */
		AFDE22092911389600939C9C /* Frameworks */ = {
			isa = PBXFrameworksBuildPhase;
			buildActionMask = 2147483647;
			files = (
			);
			runOnlyForDeploymentPostprocessing = 0;
		};
/* End PBXFrameworksBuildPhase section */

/* Begin PBXGroup section */
		AFDE22032911389600939C9C = {
			isa = PBXGroup;
			children = (
				AFDE220D2911389600939C9C /* Products */,
				AFDE220E2911389600939C9C /* UIPageControllerTest */,
			);
			sourceTree = "<group>";
		};
		AFDE220D2911389600939C9C /* Products */ = {
			isa = PBXGroup;
			children = (
				AFDE220C2911389600939C9C /* UIPageControllerTest.app */,
			);
			name = Products;
			sourceTree = "<group>";
		};
		AFDE220E2911389600939C9C /* UIPageControllerTest */ = {
			isa = PBXGroup;
			children = (
				AFDE222B2911529400939C9C /* Models */,
				AFDE221D2911389700939C9C /* Info.plist */,
				AFDE2225291138D100939C9C /* Support */,
				AFDE2224291138BA00939C9C /* Delegate */,
				AFDE2223291138AA00939C9C /* Screens */,
			);
			path = UIPageControllerTest;
			sourceTree = "<group>";
		};
		AFDE2223291138AA00939C9C /* Screens */ = {
			isa = PBXGroup;
			children = (
				AFDE222629113CE700939C9C /* Window */,
				AFDE22132911389600939C9C /* ViewController.swift */,
				AFDE22152911389600939C9C /* Main.storyboard */,
			);
			path = Screens;
			sourceTree = "<group>";
		};
		AFDE2224291138BA00939C9C /* Delegate */ = {
			isa = PBXGroup;
			children = (
				AFDE220F2911389600939C9C /* AppDelegate.swift */,
				AFDE22112911389600939C9C /* SceneDelegate.swift */,
			);
			path = Delegate;
			sourceTree = "<group>";
		};
		AFDE2225291138D100939C9C /* Support */ = {
			isa = PBXGroup;
			children = (
				AFDE22182911389700939C9C /* Assets.xcassets */,
				AFDE221A2911389700939C9C /* LaunchScreen.storyboard */,
			);
			path = Support;
			sourceTree = "<group>";
		};
		AFDE222629113CE700939C9C /* Window */ = {
			isa = PBXGroup;
			children = (
				AFDE222729113D8500939C9C /* WindowView.swift */,
				AFDE222929113D9E00939C9C /* WindowView.xib */,
			);
			path = Window;
			sourceTree = "<group>";
		};
		AFDE222B2911529400939C9C /* Models */ = {
			isa = PBXGroup;
			children = (
				AFDE222C291155EC00939C9C /* SlideWindow.swift */,
			);
			path = Models;
			sourceTree = "<group>";
		};
/* End PBXGroup section */

/* Begin PBXNativeTarget section */
		AFDE220B2911389600939C9C /* UIPageControllerTest */ = {
			isa = PBXNativeTarget;
			buildConfigurationList = AFDE22202911389800939C9C /* Build configuration list for PBXNativeTarget "UIPageControllerTest" */;
			buildPhases = (
				AFDE22082911389600939C9C /* Sources */,
				AFDE22092911389600939C9C /* Frameworks */,
				AFDE220A2911389600939C9C /* Resources */,
			);
			buildRules = (
			);
			dependencies = (
			);
			name = UIPageControllerTest;
			productName = UIPageControllerTest;
			productReference = AFDE220C2911389600939C9C /* UIPageControllerTest.app */;
			productType = "com.apple.product-type.application";
		};
/* End PBXNativeTarget section */

/* Begin PBXProject section */
		AFDE22042911389600939C9C /* Project object */ = {
			isa = PBXProject;
			attributes = {
				BuildIndependentTargetsInParallel = 1;
				LastSwiftUpdateCheck = 1320;
				LastUpgradeCheck = 1320;
				TargetAttributes = {
					AFDE220B2911389600939C9C = {
						CreatedOnToolsVersion = 13.2.1;
					};
				};
			};
			buildConfigurationList = AFDE22072911389600939C9C /* Build configuration list for PBXProject "UIPageControllerTest" */;
			compatibilityVersion = "Xcode 13.0";
			developmentRegion = en;
			hasScannedForEncodings = 0;
			knownRegions = (
				en,
				Base,
			);
			mainGroup = AFDE22032911389600939C9C;
			productRefGroup = AFDE220D2911389600939C9C /* Products */;
			projectDirPath = "";
			projectRoot = "";
			targets = (
				AFDE220B2911389600939C9C /* UIPageControllerTest */,
			);
		};
/* End PBXProject section */

/* Begin PBXResourcesBuildPhase section */
		AFDE220A2911389600939C9C /* Resources */ = {
			isa = PBXResourcesBuildPhase;
			buildActionMask = 2147483647;
			files = (
				AFDE221C2911389700939C9C /* LaunchScreen.storyboard in Resources */,
				AFDE22192911389700939C9C /* Assets.xcassets in Resources */,
				AFDE222A29113D9E00939C9C /* WindowView.xib in Resources */,
				AFDE22172911389600939C9C /* Main.storyboard in Resources */,
			);
			runOnlyForDeploymentPostprocessing = 0;
		};
/* End PBXResourcesBuildPhase section */

/* Begin PBXSourcesBuildPhase section */
		AFDE22082911389600939C9C /* Sources */ = {
			isa = PBXSourcesBuildPhase;
			buildActionMask = 2147483647;
			files = (
				AFDE222D291155EC00939C9C /* SlideWindow.swift in Sources */,
				AFDE22142911389600939C9C /* ViewController.swift in Sources */,
				AFDE22102911389600939C9C /* AppDelegate.swift in Sources */,
				AFDE222829113D8500939C9C /* WindowView.swift in Sources */,
				AFDE22122911389600939C9C /* SceneDelegate.swift in Sources */,
			);
			runOnlyForDeploymentPostprocessing = 0;
		};
/* End PBXSourcesBuildPhase section */

/* Begin PBXVariantGroup section */
		AFDE22152911389600939C9C /* Main.storyboard */ = {
			isa = PBXVariantGroup;
			children = (
				AFDE22162911389600939C9C /* Base */,
			);
			name = Main.storyboard;
			sourceTree = "<group>";
		};
		AFDE221A2911389700939C9C /* LaunchScreen.storyboard */ = {
			isa = PBXVariantGroup;
			children = (
				AFDE221B2911389700939C9C /* Base */,
			);
			name = LaunchScreen.storyboard;
			sourceTree = "<group>";
		};
/* End PBXVariantGroup section */

/* Begin XCBuildConfiguration section */
		AFDE221E2911389700939C9C /* Debug */ = {
			isa = XCBuildConfiguration;
			buildSettings = {
				ALWAYS_SEARCH_USER_PATHS = NO;
				CLANG_ANALYZER_NONNULL = YES;
				CLANG_ANALYZER_NUMBER_OBJECT_CONVERSION = YES_AGGRESSIVE;
				CLANG_CXX_LANGUAGE_STANDARD = "gnu++17";
				CLANG_CXX_LIBRARY = "libc++";
				CLANG_ENABLE_MODULES = YES;
				CLANG_ENABLE_OBJC_ARC = YES;
				CLANG_ENABLE_OBJC_WEAK = YES;
				CLANG_WARN_BLOCK_CAPTURE_AUTORELEASING = YES;
				CLANG_WARN_BOOL_CONVERSION = YES;
				CLANG_WARN_COMMA = YES;
				CLANG_WARN_CONSTANT_CONVERSION = YES;
				CLANG_WARN_DEPRECATED_OBJC_IMPLEMENTATIONS = YES;
				CLANG_WARN_DIRECT_OBJC_ISA_USAGE = YES_ERROR;
				CLANG_WARN_DOCUMENTATION_COMMENTS = YES;
				CLANG_WARN_EMPTY_BODY = YES;
				CLANG_WARN_ENUM_CONVERSION = YES;
				CLANG_WARN_INFINITE_RECURSION = YES;
				CLANG_WARN_INT_CONVERSION = YES;
				CLANG_WARN_NON_LITERAL_NULL_CONVERSION = YES;
				CLANG_WARN_OBJC_IMPLICIT_RETAIN_SELF = YES;
				CLANG_WARN_OBJC_LITERAL_CONVERSION = YES;
				CLANG_WARN_OBJC_ROOT_CLASS = YES_ERROR;
				CLANG_WARN_QUOTED_INCLUDE_IN_FRAMEWORK_HEADER = YES;
				CLANG_WARN_RANGE_LOOP_ANALYSIS = YES;
				CLANG_WARN_STRICT_PROTOTYPES = YES;
				CLANG_WARN_SUSPICIOUS_MOVE = YES;
				CLANG_WARN_UNGUARDED_AVAILABILITY = YES_AGGRESSIVE;
				CLANG_WARN_UNREACHABLE_CODE = YES;
				CLANG_WARN__DUPLICATE_METHOD_MATCH = YES;
				COPY_PHASE_STRIP = NO;
				DEBUG_INFORMATION_FORMAT = dwarf;
				ENABLE_STRICT_OBJC_MSGSEND = YES;
				ENABLE_TESTABILITY = YES;
				GCC_C_LANGUAGE_STANDARD = gnu11;
				GCC_DYNAMIC_NO_PIC = NO;
				GCC_NO_COMMON_BLOCKS = YES;
				GCC_OPTIMIZATION_LEVEL = 0;
				GCC_PREPROCESSOR_DEFINITIONS = (
					"DEBUG=1",
					"$(inherited)",
				);
				GCC_WARN_64_TO_32_BIT_CONVERSION = YES;
				GCC_WARN_ABOUT_RETURN_TYPE = YES_ERROR;
				GCC_WARN_UNDECLARED_SELECTOR = YES;
				GCC_WARN_UNINITIALIZED_AUTOS = YES_AGGRESSIVE;
				GCC_WARN_UNUSED_FUNCTION = YES;
				GCC_WARN_UNUSED_VARIABLE = YES;
				IPHONEOS_DEPLOYMENT_TARGET = 15.2;
				MTL_ENABLE_DEBUG_INFO = INCLUDE_SOURCE;
				MTL_FAST_MATH = YES;
				ONLY_ACTIVE_ARCH = YES;
				SDKROOT = iphoneos;
				SWIFT_ACTIVE_COMPILATION_CONDITIONS = DEBUG;
				SWIFT_OPTIMIZATION_LEVEL = "-Onone";
			};
			name = Debug;
		};
		AFDE221F2911389700939C9C /* Release */ = {
			isa = XCBuildConfiguration;
			buildSettings = {
				ALWAYS_SEARCH_USER_PATHS = NO;
				CLANG_ANALYZER_NONNULL = YES;
				CLANG_ANALYZER_NUMBER_OBJECT_CONVERSION = YES_AGGRESSIVE;
				CLANG_CXX_LANGUAGE_STANDARD = "gnu++17";
				CLANG_CXX_LIBRARY = "libc++";
				CLANG_ENABLE_MODULES = YES;
				CLANG_ENABLE_OBJC_ARC = YES;
				CLANG_ENABLE_OBJC_WEAK = YES;
				CLANG_WARN_BLOCK_CAPTURE_AUTORELEASING = YES;
				CLANG_WARN_BOOL_CONVERSION = YES;
				CLANG_WARN_COMMA = YES;
				CLANG_WARN_CONSTANT_CONVERSION = YES;
				CLANG_WARN_DEPRECATED_OBJC_IMPLEMENTATIONS = YES;
				CLANG_WARN_DIRECT_OBJC_ISA_USAGE = YES_ERROR;
				CLANG_WARN_DOCUMENTATION_COMMENTS = YES;
				CLANG_WARN_EMPTY_BODY = YES;
				CLANG_WARN_ENUM_CONVERSION = YES;
				CLANG_WARN_INFINITE_RECURSION = YES;
				CLANG_WARN_INT_CONVERSION = YES;
				CLANG_WARN_NON_LITERAL_NULL_CONVERSION = YES;
				CLANG_WARN_OBJC_IMPLICIT_RETAIN_SELF = YES;
				CLANG_WARN_OBJC_LITERAL_CONVERSION = YES;
				CLANG_WARN_OBJC_ROOT_CLASS = YES_ERROR;
				CLANG_WARN_QUOTED_INCLUDE_IN_FRAMEWORK_HEADER = YES;
				CLANG_WARN_RANGE_LOOP_ANALYSIS = YES;
				CLANG_WARN_STRICT_PROTOTYPES = YES;
				CLANG_WARN_SUSPICIOUS_MOVE = YES;
				CLANG_WARN_UNGUARDED_AVAILABILITY = YES_AGGRESSIVE;
				CLANG_WARN_UNREACHABLE_CODE = YES;
				CLANG_WARN__DUPLICATE_METHOD_MATCH = YES;
				COPY_PHASE_STRIP = NO;
				DEBUG_INFORMATION_FORMAT = "dwarf-with-dsym";
				ENABLE_NS_ASSERTIONS = NO;
				ENABLE_STRICT_OBJC_MSGSEND = YES;
				GCC_C_LANGUAGE_STANDARD = gnu11;
				GCC_NO_COMMON_BLOCKS = YES;
				GCC_WARN_64_TO_32_BIT_CONVERSION = YES;
				GCC_WARN_ABOUT_RETURN_TYPE = YES_ERROR;
				GCC_WARN_UNDECLARED_SELECTOR = YES;
				GCC_WARN_UNINITIALIZED_AUTOS = YES_AGGRESSIVE;
				GCC_WARN_UNUSED_FUNCTION = YES;
				GCC_WARN_UNUSED_VARIABLE = YES;
				IPHONEOS_DEPLOYMENT_TARGET = 15.2;
				MTL_ENABLE_DEBUG_INFO = NO;
				MTL_FAST_MATH = YES;
				SDKROOT = iphoneos;
				SWIFT_COMPILATION_MODE = wholemodule;
				SWIFT_OPTIMIZATION_LEVEL = "-O";
				VALIDATE_PRODUCT = YES;
			};
			name = Release;
		};
		AFDE22212911389800939C9C /* Debug */ = {
			isa = XCBuildConfiguration;
			buildSettings = {
				ASSETCATALOG_COMPILER_APPICON_NAME = AppIcon;
				ASSETCATALOG_COMPILER_GLOBAL_ACCENT_COLOR_NAME = AccentColor;
				CODE_SIGN_STYLE = Automatic;
				CURRENT_PROJECT_VERSION = 1;
				DEVELOPMENT_TEAM = LYPXGRV58S;
				GENERATE_INFOPLIST_FILE = YES;
				INFOPLIST_FILE = UIPageControllerTest/Info.plist;
				INFOPLIST_KEY_UIApplicationSupportsIndirectInputEvents = YES;
				INFOPLIST_KEY_UILaunchStoryboardName = LaunchScreen;
				INFOPLIST_KEY_UIMainStoryboardFile = Main;
				INFOPLIST_KEY_UISupportedInterfaceOrientations_iPad = "UIInterfaceOrientationPortrait UIInterfaceOrientationPortraitUpsideDown UIInterfaceOrientationLandscapeLeft UIInterfaceOrientationLandscapeRight";
				INFOPLIST_KEY_UISupportedInterfaceOrientations_iPhone = "UIInterfaceOrientationPortrait UIInterfaceOrientationLandscapeLeft UIInterfaceOrientationLandscapeRight";
				LD_RUNPATH_SEARCH_PATHS = (
					"$(inherited)",
					"@executable_path/Frameworks",
				);
				MARKETING_VERSION = 1.0;
				PRODUCT_BUNDLE_IDENTIFIER = com.vognik.UIPageControllerTest;
				PRODUCT_NAME = "$(TARGET_NAME)";
				SWIFT_EMIT_LOC_STRINGS = YES;
				SWIFT_VERSION = 5.0;
				TARGETED_DEVICE_FAMILY = "1,2";
			};
			name = Debug;
		};
		AFDE22222911389800939C9C /* Release */ = {
			isa = XCBuildConfiguration;
			buildSettings = {
				ASSETCATALOG_COMPILER_APPICON_NAME = AppIcon;
				ASSETCATALOG_COMPILER_GLOBAL_ACCENT_COLOR_NAME = AccentColor;
				CODE_SIGN_STYLE = Automatic;
				CURRENT_PROJECT_VERSION = 1;
				DEVELOPMENT_TEAM = LYPXGRV58S;
				GENERATE_INFOPLIST_FILE = YES;
				INFOPLIST_FILE = UIPageControllerTest/Info.plist;
				INFOPLIST_KEY_UIApplicationSupportsIndirectInputEvents = YES;
				INFOPLIST_KEY_UILaunchStoryboardName = LaunchScreen;
				INFOPLIST_KEY_UIMainStoryboardFile = Main;
				INFOPLIST_KEY_UISupportedInterfaceOrientations_iPad = "UIInterfaceOrientationPortrait UIInterfaceOrientationPortraitUpsideDown UIInterfaceOrientationLandscapeLeft UIInterfaceOrientationLandscapeRight";
				INFOPLIST_KEY_UISupportedInterfaceOrientations_iPhone = "UIInterfaceOrientationPortrait UIInterfaceOrientationLandscapeLeft UIInterfaceOrientationLandscapeRight";
				LD_RUNPATH_SEARCH_PATHS = (
					"$(inherited)",
					"@executable_path/Frameworks",
				);
				MARKETING_VERSION = 1.0;
				PRODUCT_BUNDLE_IDENTIFIER = com.vognik.UIPageControllerTest;
				PRODUCT_NAME = "$(TARGET_NAME)";
				SWIFT_EMIT_LOC_STRINGS = YES;
				SWIFT_VERSION = 5.0;
				TARGETED_DEVICE_FAMILY = "1,2";
			};
			name = Release;
		};
/* End XCBuildConfiguration section */

/* Begin XCConfigurationList section */
		AFDE22072911389600939C9C /* Build configuration list for PBXProject "UIPageControllerTest" */ = {
			isa = XCConfigurationList;
			buildConfigurations = (
				AFDE221E2911389700939C9C /* Debug */,
				AFDE221F2911389700939C9C /* Release */,
			);
			defaultConfigurationIsVisible = 0;
			defaultConfigurationName = Release;
		};
		AFDE22202911389800939C9C /* Build configuration list for PBXNativeTarget "UIPageControllerTest" */ = {
			isa = XCConfigurationList;
			buildConfigurations = (
				AFDE22212911389800939C9C /* Debug */,
				AFDE22222911389800939C9C /* Release */,
			);
			defaultConfigurationIsVisible = 0;
			defaultConfigurationName = Release;
		};
/* End XCConfigurationList section */
	};
	rootObject = AFDE22042911389600939C9C /* Project object */;
}
